
Microsoft Visual Studio Solution File, Format Version 12.00
# Visual Studio Version 16
VisualStudioVersion = 16.0.29613.14
MinimumVisualStudioVersion = 10.0.40219.1
Project("{FAE04EC0-301F-11D3-BF4B-00C04F79EFBC}") = "BehaviorSimulation", "BehaviorSimulation.csproj", "{18668955-ED41-499F-A9E5-4338F8951700}"
EndProject
Global
	GlobalSection(SolutionConfigurationPlatforms) = preSolution
		Debug|Any CPU = Debug|Any CPU
		Release|Any CPU = Release|Any CPU
	EndGlobalSection
	GlobalSection(ProjectConfigurationPlatforms) = postSolution
		{18668955-ED41-499F-A9E5-4338F8951700}.Debug|Any CPU.ActiveCfg = Debug|Any CPU
		{18668955-ED41-499F-A9E5-4338F8951700}.Debug|Any CPU.Build.0 = Debug|Any CPU
		{18668955-ED41-499F-A9E5-4338F8951700}.Release|Any CPU.ActiveCfg = Release|Any CPU
		{18668955-ED41-499F-A9E5-4338F8951700}.Release|Any CPU.Build.0 = Release|Any CPU
	EndGlobalSection
	GlobalSection(SolutionProperties) = preSolution
		HideSolutionNode = FALSE
	EndGlobalSection
	GlobalSection(ExtensibilityGlobals) = postSolution
		SolutionGuid = {2667D0AA-6722-4E4E-A57D-A5AED0ED246E}
	EndGlobalSection
EndGlobal
